
Microsoft Visual Studio Solution File, Format Version 12.00
# Visual Studio Version 16
VisualStudioVersion = 16.0.30503.244
MinimumVisualStudioVersion = 15.0.26124.0
Project("{9A19103F-16F7-4668-BE54-9A1E7A4F7556}") = "ert-beer-app", "Web\ert-beer-app.csproj", "{BC1C7B09-A417-441D-9C97-79DE919ACD36}"
EndProject
Project("{FAE04EC0-301F-11D3-BF4B-00C04F79EFBC}") = "BLL", "BLL\BLL.csproj", "{8794F1A9-E9EB-456B-8914-E43DEE77A999}"
EndProject
Project("{FAE04EC0-301F-11D3-BF4B-00C04F79EFBC}") = "DAL", "DAL\DAL.csproj", "{C328F9DA-A79B-4E0C-9372-833ADBEA3952}"
EndProject
Project("{FAE04EC0-301F-11D3-BF4B-00C04F79EFBC}") = "BLL.Tests", "BLL.Tests\BLL.Tests.csproj", "{B7295F7E-68E2-48AD-9932-5D77B77165D2}"
EndProject
Project("{2150E333-8FDC-42A3-9474-1A3956D46DE8}") = "Tests", "Tests", "{D22D0604-C8A5-4908-AC1B-907FCFCB7749}"
EndProject
Global
	GlobalSection(SolutionConfigurationPlatforms) = preSolution
		Debug|Any CPU = Debug|Any CPU
		Debug|x64 = Debug|x64
		Debug|x86 = Debug|x86
		Release|Any CPU = Release|Any CPU
		Release|x64 = Release|x64
		Release|x86 = Release|x86
	EndGlobalSection
	GlobalSection(ProjectConfigurationPlatforms) = postSolution
		{BC1C7B09-A417-441D-9C97-79DE919ACD36}.Debug|Any CPU.ActiveCfg = Debug|Any CPU
		{BC1C7B09-A417-441D-9C97-79DE919ACD36}.Debug|Any CPU.Build.0 = Debug|Any CPU
		{BC1C7B09-A417-441D-9C97-79DE919ACD36}.Debug|x64.ActiveCfg = Debug|Any CPU
		{BC1C7B09-A417-441D-9C97-79DE919ACD36}.Debug|x64.Build.0 = Debug|Any CPU
		{BC1C7B09-A417-441D-9C97-79DE919ACD36}.Debug|x86.ActiveCfg = Debug|Any CPU
		{BC1C7B09-A417-441D-9C97-79DE919ACD36}.Debug|x86.Build.0 = Debug|Any CPU
		{BC1C7B09-A417-441D-9C97-79DE919ACD36}.Release|Any CPU.ActiveCfg = Release|Any CPU
		{BC1C7B09-A417-441D-9C97-79DE919ACD36}.Release|Any CPU.Build.0 = Release|Any CPU
		{BC1C7B09-A417-441D-9C97-79DE919ACD36}.Release|x64.ActiveCfg = Release|Any CPU
		{BC1C7B09-A417-441D-9C97-79DE919ACD36}.Release|x64.Build.0 = Release|Any CPU
		{BC1C7B09-A417-441D-9C97-79DE919ACD36}.Release|x86.ActiveCfg = Release|Any CPU
		{BC1C7B09-A417-441D-9C97-79DE919ACD36}.Release|x86.Build.0 = Release|Any CPU
		{8794F1A9-E9EB-456B-8914-E43DEE77A999}.Debug|Any CPU.ActiveCfg = Debug|Any CPU
		{8794F1A9-E9EB-456B-8914-E43DEE77A999}.Debug|Any CPU.Build.0 = Debug|Any CPU
		{8794F1A9-E9EB-456B-8914-E43DEE77A999}.Debug|x64.ActiveCfg = Debug|Any CPU
		{8794F1A9-E9EB-456B-8914-E43DEE77A999}.Debug|x64.Build.0 = Debug|Any CPU
		{8794F1A9-E9EB-456B-8914-E43DEE77A999}.Debug|x86.ActiveCfg = Debug|Any CPU
		{8794F1A9-E9EB-456B-8914-E43DEE77A999}.Debug|x86.Build.0 = Debug|Any CPU
		{8794F1A9-E9EB-456B-8914-E43DEE77A999}.Release|Any CPU.ActiveCfg = Release|Any CPU
		{8794F1A9-E9EB-456B-8914-E43DEE77A999}.Release|Any CPU.Build.0 = Release|Any CPU
		{8794F1A9-E9EB-456B-8914-E43DEE77A999}.Release|x64.ActiveCfg = Release|Any CPU
		{8794F1A9-E9EB-456B-8914-E43DEE77A999}.Release|x64.Build.0 = Release|Any CPU
		{8794F1A9-E9EB-456B-8914-E43DEE77A999}.Release|x86.ActiveCfg = Release|Any CPU
		{8794F1A9-E9EB-456B-8914-E43DEE77A999}.Release|x86.Build.0 = Release|Any CPU
		{C328F9DA-A79B-4E0C-9372-833ADBEA3952}.Debug|Any CPU.ActiveCfg = Debug|Any CPU
		{C328F9DA-A79B-4E0C-9372-833ADBEA3952}.Debug|Any CPU.Build.0 = Debug|Any CPU
		{C328F9DA-A79B-4E0C-9372-833ADBEA3952}.Debug|x64.ActiveCfg = Debug|Any CPU
		{C328F9DA-A79B-4E0C-9372-833ADBEA3952}.Debug|x64.Build.0 = Debug|Any CPU
		{C328F9DA-A79B-4E0C-9372-833ADBEA3952}.Debug|x86.ActiveCfg = Debug|Any CPU
		{C328F9DA-A79B-4E0C-9372-833ADBEA3952}.Debug|x86.Build.0 = Debug|Any CPU
		{C328F9DA-A79B-4E0C-9372-833ADBEA3952}.Release|Any CPU.ActiveCfg = Release|Any CPU
		{C328F9DA-A79B-4E0C-9372-833ADBEA3952}.Release|Any CPU.Build.0 = Release|Any CPU
		{C328F9DA-A79B-4E0C-9372-833ADBEA3952}.Release|x64.ActiveCfg = Release|Any CPU
		{C328F9DA-A79B-4E0C-9372-833ADBEA3952}.Release|x64.Build.0 = Release|Any CPU
		{C328F9DA-A79B-4E0C-9372-833ADBEA3952}.Release|x86.ActiveCfg = Release|Any CPU
		{C328F9DA-A79B-4E0C-9372-833ADBEA3952}.Release|x86.Build.0 = Release|Any CPU
		{B7295F7E-68E2-48AD-9932-5D77B77165D2}.Debug|Any CPU.ActiveCfg = Debug|Any CPU
		{B7295F7E-68E2-48AD-9932-5D77B77165D2}.Debug|Any CPU.Build.0 = Debug|Any CPU
		{B7295F7E-68E2-48AD-9932-5D77B77165D2}.Debug|x64.ActiveCfg = Debug|Any CPU
		{B7295F7E-68E2-48AD-9932-5D77B77165D2}.Debug|x64.Build.0 = Debug|Any CPU
		{B7295F7E-68E2-48AD-9932-5D77B77165D2}.Debug|x86.ActiveCfg = Debug|Any CPU
		{B7295F7E-68E2-48AD-9932-5D77B77165D2}.Debug|x86.Build.0 = Debug|Any CPU
		{B7295F7E-68E2-48AD-9932-5D77B77165D2}.Release|Any CPU.ActiveCfg = Release|Any CPU
		{B7295F7E-68E2-48AD-9932-5D77B77165D2}.Release|Any CPU.Build.0 = Release|Any CPU
		{B7295F7E-68E2-48AD-9932-5D77B77165D2}.Release|x64.ActiveCfg = Release|Any CPU
		{B7295F7E-68E2-48AD-9932-5D77B77165D2}.Release|x64.Build.0 = Release|Any CPU
		{B7295F7E-68E2-48AD-9932-5D77B77165D2}.Release|x86.ActiveCfg = Release|Any CPU
		{B7295F7E-68E2-48AD-9932-5D77B77165D2}.Release|x86.Build.0 = Release|Any CPU
	EndGlobalSection
	GlobalSection(SolutionProperties) = preSolution
		HideSolutionNode = FALSE
	EndGlobalSection
	GlobalSection(NestedProjects) = preSolution
		{B7295F7E-68E2-48AD-9932-5D77B77165D2} = {D22D0604-C8A5-4908-AC1B-907FCFCB7749}
	EndGlobalSection
	GlobalSection(ExtensibilityGlobals) = postSolution
		SolutionGuid = {763C11CE-BCE0-4596-8120-CAB5FE69265B}
	EndGlobalSection
EndGlobal
