
Microsoft Visual Studio Solution File, Format Version 12.00
# Visual Studio Version 16
VisualStudioVersion = 16.0.30503.244
MinimumVisualStudioVersion = 15.0.26124.0
Project("{2150E333-8FDC-42A3-9474-1A3956D46DE8}") = "Tests", "Tests", "{D22D0604-C8A5-4908-AC1B-907FCFCB7749}"
EndProject
Project("{9A19103F-16F7-4668-BE54-9A1E7A4F7556}") = "Ert.BusinessLogicLayer", "Ert.BusinessLogicLayer\Ert.BusinessLogicLayer.csproj", "{464D231A-7224-4C6B-AA22-4152CF9A3415}"
EndProject
Project("{9A19103F-16F7-4668-BE54-9A1E7A4F7556}") = "Ert.Web", "Ert.Web\Ert.Web.csproj", "{E3311374-2D9B-4CEF-8EB6-F215BF253E76}"
EndProject
Project("{9A19103F-16F7-4668-BE54-9A1E7A4F7556}") = "Ert.BusinessLogicLayer.Tests", "Ert.BusinessLogicLayer.Tests\Ert.BusinessLogicLayer.Tests.csproj", "{BD66D423-3A88-4C07-8F1A-5817E6A5AE3A}"
EndProject
Project("{9A19103F-16F7-4668-BE54-9A1E7A4F7556}") = "Ert.DataAccessLayer", "Ert.DataAccessLayer\Ert.DataAccessLayer.csproj", "{CCBDE0C8-4C8D-45FB-9147-398A05808688}"
EndProject
Global
	GlobalSection(SolutionConfigurationPlatforms) = preSolution
		Debug|Any CPU = Debug|Any CPU
		Release|Any CPU = Release|Any CPU
	EndGlobalSection
	GlobalSection(ProjectConfigurationPlatforms) = postSolution
		{464D231A-7224-4C6B-AA22-4152CF9A3415}.Debug|Any CPU.ActiveCfg = Debug|Any CPU
		{464D231A-7224-4C6B-AA22-4152CF9A3415}.Debug|Any CPU.Build.0 = Debug|Any CPU
		{464D231A-7224-4C6B-AA22-4152CF9A3415}.Release|Any CPU.ActiveCfg = Release|Any CPU
		{464D231A-7224-4C6B-AA22-4152CF9A3415}.Release|Any CPU.Build.0 = Release|Any CPU
		{E3311374-2D9B-4CEF-8EB6-F215BF253E76}.Debug|Any CPU.ActiveCfg = Debug|Any CPU
		{E3311374-2D9B-4CEF-8EB6-F215BF253E76}.Debug|Any CPU.Build.0 = Debug|Any CPU
		{E3311374-2D9B-4CEF-8EB6-F215BF253E76}.Release|Any CPU.ActiveCfg = Release|Any CPU
		{E3311374-2D9B-4CEF-8EB6-F215BF253E76}.Release|Any CPU.Build.0 = Release|Any CPU
		{BD66D423-3A88-4C07-8F1A-5817E6A5AE3A}.Debug|Any CPU.ActiveCfg = Debug|Any CPU
		{BD66D423-3A88-4C07-8F1A-5817E6A5AE3A}.Debug|Any CPU.Build.0 = Debug|Any CPU
		{BD66D423-3A88-4C07-8F1A-5817E6A5AE3A}.Release|Any CPU.ActiveCfg = Release|Any CPU
		{BD66D423-3A88-4C07-8F1A-5817E6A5AE3A}.Release|Any CPU.Build.0 = Release|Any CPU
		{CCBDE0C8-4C8D-45FB-9147-398A05808688}.Debug|Any CPU.ActiveCfg = Debug|Any CPU
		{CCBDE0C8-4C8D-45FB-9147-398A05808688}.Debug|Any CPU.Build.0 = Debug|Any CPU
		{CCBDE0C8-4C8D-45FB-9147-398A05808688}.Release|Any CPU.ActiveCfg = Release|Any CPU
		{CCBDE0C8-4C8D-45FB-9147-398A05808688}.Release|Any CPU.Build.0 = Release|Any CPU
	EndGlobalSection
	GlobalSection(SolutionProperties) = preSolution
		HideSolutionNode = FALSE
	EndGlobalSection
	GlobalSection(NestedProjects) = preSolution
		{BD66D423-3A88-4C07-8F1A-5817E6A5AE3A} = {D22D0604-C8A5-4908-AC1B-907FCFCB7749}
	EndGlobalSection
	GlobalSection(ExtensibilityGlobals) = postSolution
		SolutionGuid = {763C11CE-BCE0-4596-8120-CAB5FE69265B}
	EndGlobalSection
EndGlobal
